
Microsoft Visual Studio Solution File, Format Version 12.00
# Visual Studio 15
VisualStudioVersion = 15.0.27703.2018
MinimumVisualStudioVersion = 10.0.40219.1
Project("{FAE04EC0-301F-11D3-BF4B-00C04F79EFBC}") = "MonoSerialPort", "MonoSerialPort.csproj", "{43C05792-84CD-45E9-B934-70EC9A8497F3}"
EndProject
Project("{FAE04EC0-301F-11D3-BF4B-00C04F79EFBC}") = "Test", "Test\Test.csproj", "{24983A3F-37FA-4483-8916-AF0DB47456F2}"
EndProject
Global
	GlobalSection(SolutionConfigurationPlatforms) = preSolution
		Debug|Any CPU = Debug|Any CPU
		Release|Any CPU = Release|Any CPU
	EndGlobalSection
	GlobalSection(ProjectConfigurationPlatforms) = postSolution
		{43C05792-84CD-45E9-B934-70EC9A8497F3}.Debug|Any CPU.ActiveCfg = Debug|Any CPU
		{43C05792-84CD-45E9-B934-70EC9A8497F3}.Debug|Any CPU.Build.0 = Debug|Any CPU
		{43C05792-84CD-45E9-B934-70EC9A8497F3}.Release|Any CPU.ActiveCfg = Release|Any CPU
		{43C05792-84CD-45E9-B934-70EC9A8497F3}.Release|Any CPU.Build.0 = Release|Any CPU
		{24983A3F-37FA-4483-8916-AF0DB47456F2}.Debug|Any CPU.ActiveCfg = Debug|Any CPU
		{24983A3F-37FA-4483-8916-AF0DB47456F2}.Debug|Any CPU.Build.0 = Debug|Any CPU
		{24983A3F-37FA-4483-8916-AF0DB47456F2}.Release|Any CPU.ActiveCfg = Release|Any CPU
		{24983A3F-37FA-4483-8916-AF0DB47456F2}.Release|Any CPU.Build.0 = Release|Any CPU
	EndGlobalSection
	GlobalSection(SolutionProperties) = preSolution
		HideSolutionNode = FALSE
	EndGlobalSection
	GlobalSection(ExtensibilityGlobals) = postSolution
		SolutionGuid = {DE23230C-9EA0-4592-A238-ABBBC174ACA7}
	EndGlobalSection
EndGlobal
